
Microsoft Visual Studio Solution File, Format Version 12.00
# Visual Studio Version 17
VisualStudioVersion = 17.10.34916.146
MinimumVisualStudioVersion = 10.0.40219.1
Project("{9A19103F-16F7-4668-BE54-9A1E7A4F7556}") = "WPF1", "WPF1.csproj", "{2676D1C7-3178-49C4-926E-0F6570F781BD}"
EndProject
Project("{FAE04EC0-301F-11D3-BF4B-00C04F79EFBC}") = "Task1", "Task1\Task1.csproj", "{84866C1D-47F0-4725-8289-FC82157AF719}"
EndProject
Global
	GlobalSection(SolutionConfigurationPlatforms) = preSolution
		Debug|Any CPU = Debug|Any CPU
		Release|Any CPU = Release|Any CPU
	EndGlobalSection
	GlobalSection(ProjectConfigurationPlatforms) = postSolution
		{2676D1C7-3178-49C4-926E-0F6570F781BD}.Debug|Any CPU.ActiveCfg = Debug|Any CPU
		{2676D1C7-3178-49C4-926E-0F6570F781BD}.Debug|Any CPU.Build.0 = Debug|Any CPU
		{2676D1C7-3178-49C4-926E-0F6570F781BD}.Release|Any CPU.ActiveCfg = Release|Any CPU
		{2676D1C7-3178-49C4-926E-0F6570F781BD}.Release|Any CPU.Build.0 = Release|Any CPU
		{84866C1D-47F0-4725-8289-FC82157AF719}.Debug|Any CPU.ActiveCfg = Debug|Any CPU
		{84866C1D-47F0-4725-8289-FC82157AF719}.Debug|Any CPU.Build.0 = Debug|Any CPU
		{84866C1D-47F0-4725-8289-FC82157AF719}.Release|Any CPU.ActiveCfg = Release|Any CPU
		{84866C1D-47F0-4725-8289-FC82157AF719}.Release|Any CPU.Build.0 = Release|Any CPU
	EndGlobalSection
	GlobalSection(SolutionProperties) = preSolution
		HideSolutionNode = FALSE
	EndGlobalSection
	GlobalSection(ExtensibilityGlobals) = postSolution
		SolutionGuid = {D8F415BF-789F-4B77-992C-D5A5DD5FEFC8}
	EndGlobalSection
EndGlobal
